# This file is automatically @generated by Cargo.
# It is not intended for manual editing.
version = 4

[[package]]
name = "passalong-server"
version = "0.1.0"
dependencies = [
 "passalong-server-api",
 "passalong-server-core",
]

[[package]]
name = "passalong-server-api"
version = "0.1.0"
dependencies = [
 "passalong-server-core",
]

[[package]]
name = "passalong-server-core"
version = "0.1.0"
